// !$*UTF8*$!
{
	archiveVersion = 1;
	classes = {
	};
	objectVersion = 46;
	objects = {

/* Begin PBXBuildFile section */
		65D264F418DBE0E3009284AD /* Foundation.framework in Frameworks */ = {isa = PBXBuildFile; fileRef = 65D264F318DBE0E3009284AD /* Foundation.framework */; };
		65D264F618DBE0E3009284AD /* CoreGraphics.framework in Frameworks */ = {isa = PBXBuildFile; fileRef = 65D264F518DBE0E3009284AD /* CoreGraphics.framework */; };
		65D264F818DBE0E3009284AD /* UIKit.framework in Frameworks */ = {isa = PBXBuildFile; fileRef = 65D264F718DBE0E3009284AD /* UIKit.framework */; };
		65D264FE18DBE0E3009284AD /* InfoPlist.strings in Resources */ = {isa = PBXBuildFile; fileRef = 65D264FC18DBE0E3009284AD /* InfoPlist.strings */; };
		65D2650018DBE0E3009284AD /* main.m in Sources */ = {isa = PBXBuildFile; fileRef = 65D264FF18DBE0E3009284AD /* main.m */; };
		65D2650418DBE0E3009284AD /* ASAppDelegate.m in Sources */ = {isa = PBXBuildFile; fileRef = 65D2650318DBE0E3009284AD /* ASAppDelegate.m */; };
		65D2650618DBE0E4009284AD /* Images.xcassets in Resources */ = {isa = PBXBuildFile; fileRef = 65D2650518DBE0E4009284AD /* Images.xcassets */; };
		65D2650D18DBE0E4009284AD /* XCTest.framework in Frameworks */ = {isa = PBXBuildFile; fileRef = 65D2650C18DBE0E4009284AD /* XCTest.framework */; };
		65D2650E18DBE0E4009284AD /* Foundation.framework in Frameworks */ = {isa = PBXBuildFile; fileRef = 65D264F318DBE0E3009284AD /* Foundation.framework */; };
		65D2650F18DBE0E4009284AD /* UIKit.framework in Frameworks */ = {isa = PBXBuildFile; fileRef = 65D264F718DBE0E3009284AD /* UIKit.framework */; };
		65D2651718DBE0E4009284AD /* InfoPlist.strings in Resources */ = {isa = PBXBuildFile; fileRef = 65D2651518DBE0E4009284AD /* InfoPlist.strings */; };
		65D2651918DBE0E4009284AD /* YelpSearchTests.m in Sources */ = {isa = PBXBuildFile; fileRef = 65D2651818DBE0E4009284AD /* YelpSearchTests.m */; };
/* End PBXBuildFile section */

/* Begin PBXContainerItemProxy section */
		65D2651018DBE0E4009284AD /* PBXContainerItemProxy */ = {
			isa = PBXContainerItemProxy;
			containerPortal = 65D264E818DBE0E3009284AD /* Project object */;
			proxyType = 1;
			remoteGlobalIDString = 65D264EF18DBE0E3009284AD;
			remoteInfo = YelpSearch;
		};
/* End PBXContainerItemProxy section */

/* Begin PBXFileReference section */
		65D264F018DBE0E3009284AD /* YelpSearch.app */ = {isa = PBXFileReference; explicitFileType = wrapper.application; includeInIndex = 0; path = YelpSearch.app; sourceTree = BUILT_PRODUCTS_DIR; };
		65D264F318DBE0E3009284AD /* Foundation.framework */ = {isa = PBXFileReference; lastKnownFileType = wrapper.framework; name = Foundation.framework; path = System/Library/Frameworks/Foundation.framework; sourceTree = SDKROOT; };
		65D264F518DBE0E3009284AD /* CoreGraphics.framework */ = {isa = PBXFileReference; lastKnownFileType = wrapper.framework; name = CoreGraphics.framework; path = System/Library/Frameworks/CoreGraphics.framework; sourceTree = SDKROOT; };
		65D264F718DBE0E3009284AD /* UIKit.framework */ = {isa = PBXFileReference; lastKnownFileType = wrapper.framework; name = UIKit.framework; path = System/Library/Frameworks/UIKit.framework; sourceTree = SDKROOT; };
		65D264FB18DBE0E3009284AD /* YelpSearch-Info.plist */ = {isa = PBXFileReference; lastKnownFileType = text.plist.xml; path = "YelpSearch-Info.plist"; sourceTree = "<group>"; };
		65D264FD18DBE0E3009284AD /* en */ = {isa = PBXFileReference; lastKnownFileType = text.plist.strings; name = en; path = en.lproj/InfoPlist.strings; sourceTree = "<group>"; };
		65D264FF18DBE0E3009284AD /* main.m */ = {isa = PBXFileReference; lastKnownFileType = sourcecode.c.objc; path = main.m; sourceTree = "<group>"; };
		65D2650118DBE0E3009284AD /* YelpSearch-Prefix.pch */ = {isa = PBXFileReference; lastKnownFileType = sourcecode.c.h; path = "YelpSearch-Prefix.pch"; sourceTree = "<group>"; };
		65D2650218DBE0E3009284AD /* ASAppDelegate.h */ = {isa = PBXFileReference; lastKnownFileType = sourcecode.c.h; path = ASAppDelegate.h; sourceTree = "<group>"; };
		65D2650318DBE0E3009284AD /* ASAppDelegate.m */ = {isa = PBXFileReference; lastKnownFileType = sourcecode.c.objc; path = ASAppDelegate.m; sourceTree = "<group>"; };
		65D2650518DBE0E4009284AD /* Images.xcassets */ = {isa = PBXFileReference; lastKnownFileType = folder.assetcatalog; path = Images.xcassets; sourceTree = "<group>"; };
		65D2650B18DBE0E4009284AD /* YelpSearchTests.xctest */ = {isa = PBXFileReference; explicitFileType = wrapper.cfbundle; includeInIndex = 0; path = YelpSearchTests.xctest; sourceTree = BUILT_PRODUCTS_DIR; };
		65D2650C18DBE0E4009284AD /* XCTest.framework */ = {isa = PBXFileReference; lastKnownFileType = wrapper.framework; name = XCTest.framework; path = Library/Frameworks/XCTest.framework; sourceTree = DEVELOPER_DIR; };
		65D2651418DBE0E4009284AD /* YelpSearchTests-Info.plist */ = {isa = PBXFileReference; lastKnownFileType = text.plist.xml; path = "YelpSearchTests-Info.plist"; sourceTree = "<group>"; };
		65D2651618DBE0E4009284AD /* en */ = {isa = PBXFileReference; lastKnownFileType = text.plist.strings; name = en; path = en.lproj/InfoPlist.strings; sourceTree = "<group>"; };
		65D2651818DBE0E4009284AD /* YelpSearchTests.m */ = {isa = PBXFileReference; lastKnownFileType = sourcecode.c.objc; path = YelpSearchTests.m; sourceTree = "<group>"; };
/* End PBXFileReference section */

/* Begin PBXFrameworksBuildPhase section */
		65D264ED18DBE0E3009284AD /* Frameworks */ = {
			isa = PBXFrameworksBuildPhase;
			buildActionMask = 2147483647;
			files = (
				65D264F618DBE0E3009284AD /* CoreGraphics.framework in Frameworks */,
				65D264F818DBE0E3009284AD /* UIKit.framework in Frameworks */,
				65D264F418DBE0E3009284AD /* Foundation.framework in Frameworks */,
			);
			runOnlyForDeploymentPostprocessing = 0;
		};
		65D2650818DBE0E4009284AD /* Frameworks */ = {
			isa = PBXFrameworksBuildPhase;
			buildActionMask = 2147483647;
			files = (
				65D2650D18DBE0E4009284AD /* XCTest.framework in Frameworks */,
				65D2650F18DBE0E4009284AD /* UIKit.framework in Frameworks */,
				65D2650E18DBE0E4009284AD /* Foundation.framework in Frameworks */,
			);
			runOnlyForDeploymentPostprocessing = 0;
		};
/* End PBXFrameworksBuildPhase section */

/* Begin PBXGroup section */
		65D264E718DBE0E3009284AD = {
			isa = PBXGroup;
			children = (
				65D264F918DBE0E3009284AD /* YelpSearch */,
				65D2651218DBE0E4009284AD /* YelpSearchTests */,
				65D264F218DBE0E3009284AD /* Frameworks */,
				65D264F118DBE0E3009284AD /* Products */,
			);
			sourceTree = "<group>";
		};
		65D264F118DBE0E3009284AD /* Products */ = {
			isa = PBXGroup;
			children = (
				65D264F018DBE0E3009284AD /* YelpSearch.app */,
				65D2650B18DBE0E4009284AD /* YelpSearchTests.xctest */,
			);
			name = Products;
			sourceTree = "<group>";
		};
		65D264F218DBE0E3009284AD /* Frameworks */ = {
			isa = PBXGroup;
			children = (
				65D264F318DBE0E3009284AD /* Foundation.framework */,
				65D264F518DBE0E3009284AD /* CoreGraphics.framework */,
				65D264F718DBE0E3009284AD /* UIKit.framework */,
				65D2650C18DBE0E4009284AD /* XCTest.framework */,
			);
			name = Frameworks;
			sourceTree = "<group>";
		};
		65D264F918DBE0E3009284AD /* YelpSearch */ = {
			isa = PBXGroup;
			children = (
				65D2650218DBE0E3009284AD /* ASAppDelegate.h */,
				65D2650318DBE0E3009284AD /* ASAppDelegate.m */,
				65D2650518DBE0E4009284AD /* Images.xcassets */,
				65D264FA18DBE0E3009284AD /* Supporting Files */,
			);
			path = YelpSearch;
			sourceTree = "<group>";
		};
		65D264FA18DBE0E3009284AD /* Supporting Files */ = {
			isa = PBXGroup;
			children = (
				65D264FB18DBE0E3009284AD /* YelpSearch-Info.plist */,
				65D264FC18DBE0E3009284AD /* InfoPlist.strings */,
				65D264FF18DBE0E3009284AD /* main.m */,
				65D2650118DBE0E3009284AD /* YelpSearch-Prefix.pch */,
			);
			name = "Supporting Files";
			sourceTree = "<group>";
		};
		65D2651218DBE0E4009284AD /* YelpSearchTests */ = {
			isa = PBXGroup;
			children = (
				65D2651818DBE0E4009284AD /* YelpSearchTests.m */,
				65D2651318DBE0E4009284AD /* Supporting Files */,
			);
			path = YelpSearchTests;
			sourceTree = "<group>";
		};
		65D2651318DBE0E4009284AD /* Supporting Files */ = {
			isa = PBXGroup;
			children = (
				65D2651418DBE0E4009284AD /* YelpSearchTests-Info.plist */,
				65D2651518DBE0E4009284AD /* InfoPlist.strings */,
			);
			name = "Supporting Files";
			sourceTree = "<group>";
		};
/* End PBXGroup section */

/* Begin PBXNativeTarget section */
		65D264EF18DBE0E3009284AD /* YelpSearch */ = {
			isa = PBXNativeTarget;
			buildConfigurationList = 65D2651C18DBE0E4009284AD /* Build configuration list for PBXNativeTarget "YelpSearch" */;
			buildPhases = (
				65D264EC18DBE0E3009284AD /* Sources */,
				65D264ED18DBE0E3009284AD /* Frameworks */,
				65D264EE18DBE0E3009284AD /* Resources */,
			);
			buildRules = (
			);
			dependencies = (
			);
			name = YelpSearch;
			productName = YelpSearch;
			productReference = 65D264F018DBE0E3009284AD /* YelpSearch.app */;
			productType = "com.apple.product-type.application";
		};
		65D2650A18DBE0E4009284AD /* YelpSearchTests */ = {
			isa = PBXNativeTarget;
			buildConfigurationList = 65D2651F18DBE0E4009284AD /* Build configuration list for PBXNativeTarget "YelpSearchTests" */;
			buildPhases = (
				65D2650718DBE0E4009284AD /* Sources */,
				65D2650818DBE0E4009284AD /* Frameworks */,
				65D2650918DBE0E4009284AD /* Resources */,
			);
			buildRules = (
			);
			dependencies = (
				65D2651118DBE0E4009284AD /* PBXTargetDependency */,
			);
			name = YelpSearchTests;
			productName = YelpSearchTests;
			productReference = 65D2650B18DBE0E4009284AD /* YelpSearchTests.xctest */;
			productType = "com.apple.product-type.bundle.unit-test";
		};
/* End PBXNativeTarget section */

/* Begin PBXProject section */
		65D264E818DBE0E3009284AD /* Project object */ = {
			isa = PBXProject;
			attributes = {
				CLASSPREFIX = AS;
				LastUpgradeCheck = 0510;
				ORGANIZATIONNAME = "Alexander Seville";
				TargetAttributes = {
					65D2650A18DBE0E4009284AD = {
						TestTargetID = 65D264EF18DBE0E3009284AD;
					};
				};
			};
			buildConfigurationList = 65D264EB18DBE0E3009284AD /* Build configuration list for PBXProject "YelpSearch" */;
			compatibilityVersion = "Xcode 3.2";
			developmentRegion = English;
			hasScannedForEncodings = 0;
			knownRegions = (
				en,
			);
			mainGroup = 65D264E718DBE0E3009284AD;
			productRefGroup = 65D264F118DBE0E3009284AD /* Products */;
			projectDirPath = "";
			projectRoot = "";
			targets = (
				65D264EF18DBE0E3009284AD /* YelpSearch */,
				65D2650A18DBE0E4009284AD /* YelpSearchTests */,
			);
		};
/* End PBXProject section */

/* Begin PBXResourcesBuildPhase section */
		65D264EE18DBE0E3009284AD /* Resources */ = {
			isa = PBXResourcesBuildPhase;
			buildActionMask = 2147483647;
			files = (
				65D264FE18DBE0E3009284AD /* InfoPlist.strings in Resources */,
				65D2650618DBE0E4009284AD /* Images.xcassets in Resources */,
			);
			runOnlyForDeploymentPostprocessing = 0;
		};
		65D2650918DBE0E4009284AD /* Resources */ = {
			isa = PBXResourcesBuildPhase;
			buildActionMask = 2147483647;
			files = (
				65D2651718DBE0E4009284AD /* InfoPlist.strings in Resources */,
			);
			runOnlyForDeploymentPostprocessing = 0;
		};
/* End PBXResourcesBuildPhase section */

/* Begin PBXSourcesBuildPhase section */
		65D264EC18DBE0E3009284AD /* Sources */ = {
			isa = PBXSourcesBuildPhase;
			buildActionMask = 2147483647;
			files = (
				65D2650418DBE0E3009284AD /* ASAppDelegate.m in Sources */,
				65D2650018DBE0E3009284AD /* main.m in Sources */,
			);
			runOnlyForDeploymentPostprocessing = 0;
		};
		65D2650718DBE0E4009284AD /* Sources */ = {
			isa = PBXSourcesBuildPhase;
			buildActionMask = 2147483647;
			files = (
				65D2651918DBE0E4009284AD /* YelpSearchTests.m in Sources */,
			);
			runOnlyForDeploymentPostprocessing = 0;
		};
/* End PBXSourcesBuildPhase section */

/* Begin PBXTargetDependency section */
		65D2651118DBE0E4009284AD /* PBXTargetDependency */ = {
			isa = PBXTargetDependency;
			target = 65D264EF18DBE0E3009284AD /* YelpSearch */;
			targetProxy = 65D2651018DBE0E4009284AD /* PBXContainerItemProxy */;
		};
/* End PBXTargetDependency section */

/* Begin PBXVariantGroup section */
		65D264FC18DBE0E3009284AD /* InfoPlist.strings */ = {
			isa = PBXVariantGroup;
			children = (
				65D264FD18DBE0E3009284AD /* en */,
			);
			name = InfoPlist.strings;
			sourceTree = "<group>";
		};
		65D2651518DBE0E4009284AD /* InfoPlist.strings */ = {
			isa = PBXVariantGroup;
			children = (
				65D2651618DBE0E4009284AD /* en */,
			);
			name = InfoPlist.strings;
			sourceTree = "<group>";
		};
/* End PBXVariantGroup section */

/* Begin XCBuildConfiguration section */
		65D2651A18DBE0E4009284AD /* Debug */ = {
			isa = XCBuildConfiguration;
			buildSettings = {
				ALWAYS_SEARCH_USER_PATHS = NO;
				CLANG_CXX_LANGUAGE_STANDARD = "gnu++0x";
				CLANG_CXX_LIBRARY = "libc++";
				CLANG_ENABLE_MODULES = YES;
				CLANG_ENABLE_OBJC_ARC = YES;
				CLANG_WARN_BOOL_CONVERSION = YES;
				CLANG_WARN_CONSTANT_CONVERSION = YES;
				CLANG_WARN_DIRECT_OBJC_ISA_USAGE = YES_ERROR;
				CLANG_WARN_EMPTY_BODY = YES;
				CLANG_WARN_ENUM_CONVERSION = YES;
				CLANG_WARN_INT_CONVERSION = YES;
				CLANG_WARN_OBJC_ROOT_CLASS = YES_ERROR;
				CLANG_WARN__DUPLICATE_METHOD_MATCH = YES;
				"CODE_SIGN_IDENTITY[sdk=iphoneos*]" = "iPhone Developer";
				COPY_PHASE_STRIP = NO;
				GCC_C_LANGUAGE_STANDARD = gnu99;
				GCC_DYNAMIC_NO_PIC = NO;
				GCC_OPTIMIZATION_LEVEL = 0;
				GCC_PREPROCESSOR_DEFINITIONS = (
					"DEBUG=1",
					"$(inherited)",
				);
				GCC_SYMBOLS_PRIVATE_EXTERN = NO;
				GCC_WARN_64_TO_32_BIT_CONVERSION = YES;
				GCC_WARN_ABOUT_RETURN_TYPE = YES_ERROR;
				GCC_WARN_UNDECLARED_SELECTOR = YES;
				GCC_WARN_UNINITIALIZED_AUTOS = YES_AGGRESSIVE;
				GCC_WARN_UNUSED_FUNCTION = YES;
				GCC_WARN_UNUSED_VARIABLE = YES;
				IPHONEOS_DEPLOYMENT_TARGET = 7.1;
				ONLY_ACTIVE_ARCH = YES;
				SDKROOT = iphoneos;
			};
			name = Debug;
		};
		65D2651B18DBE0E4009284AD /* Release */ = {
			isa = XCBuildConfiguration;
			buildSettings = {
				ALWAYS_SEARCH_USER_PATHS = NO;
				CLANG_CXX_LANGUAGE_STANDARD = "gnu++0x";
				CLANG_CXX_LIBRARY = "libc++";
				CLANG_ENABLE_MODULES = YES;
				CLANG_ENABLE_OBJC_ARC = YES;
				CLANG_WARN_BOOL_CONVERSION = YES;
				CLANG_WARN_CONSTANT_CONVERSION = YES;
				CLANG_WARN_DIRECT_OBJC_ISA_USAGE = YES_ERROR;
				CLANG_WARN_EMPTY_BODY = YES;
				CLANG_WARN_ENUM_CONVERSION = YES;
				CLANG_WARN_INT_CONVERSION = YES;
				CLANG_WARN_OBJC_ROOT_CLASS = YES_ERROR;
				CLANG_WARN__DUPLICATE_METHOD_MATCH = YES;
				"CODE_SIGN_IDENTITY[sdk=iphoneos*]" = "iPhone Developer";
				COPY_PHASE_STRIP = YES;
				ENABLE_NS_ASSERTIONS = NO;
				GCC_C_LANGUAGE_STANDARD = gnu99;
				GCC_WARN_64_TO_32_BIT_CONVERSION = YES;
				GCC_WARN_ABOUT_RETURN_TYPE = YES_ERROR;
				GCC_WARN_UNDECLARED_SELECTOR = YES;
				GCC_WARN_UNINITIALIZED_AUTOS = YES_AGGRESSIVE;
				GCC_WARN_UNUSED_FUNCTION = YES;
				GCC_WARN_UNUSED_VARIABLE = YES;
				IPHONEOS_DEPLOYMENT_TARGET = 7.1;
				SDKROOT = iphoneos;
				VALIDATE_PRODUCT = YES;
			};
			name = Release;
		};
		65D2651D18DBE0E4009284AD /* Debug */ = {
			isa = XCBuildConfiguration;
			buildSettings = {
				ASSETCATALOG_COMPILER_APPICON_NAME = AppIcon;
				ASSETCATALOG_COMPILER_LAUNCHIMAGE_NAME = LaunchImage;
				GCC_PRECOMPILE_PREFIX_HEADER = YES;
				GCC_PREFIX_HEADER = "YelpSearch/YelpSearch-Prefix.pch";
				INFOPLIST_FILE = "YelpSearch/YelpSearch-Info.plist";
				PRODUCT_NAME = "$(TARGET_NAME)";
				WRAPPER_EXTENSION = app;
			};
			name = Debug;
		};
		65D2651E18DBE0E4009284AD /* Release */ = {
			isa = XCBuildConfiguration;
			buildSettings = {
				ASSETCATALOG_COMPILER_APPICON_NAME = AppIcon;
				ASSETCATALOG_COMPILER_LAUNCHIMAGE_NAME = LaunchImage;
				GCC_PRECOMPILE_PREFIX_HEADER = YES;
				GCC_PREFIX_HEADER = "YelpSearch/YelpSearch-Prefix.pch";
				INFOPLIST_FILE = "YelpSearch/YelpSearch-Info.plist";
				PRODUCT_NAME = "$(TARGET_NAME)";
				WRAPPER_EXTENSION = app;
			};
			name = Release;
		};
		65D2652018DBE0E4009284AD /* Debug */ = {
			isa = XCBuildConfiguration;
			buildSettings = {
				BUNDLE_LOADER = "$(BUILT_PRODUCTS_DIR)/YelpSearch.app/YelpSearch";
				FRAMEWORK_SEARCH_PATHS = (
					"$(SDKROOT)/Developer/Library/Frameworks",
					"$(inherited)",
					"$(DEVELOPER_FRAMEWORKS_DIR)",
				);
				GCC_PRECOMPILE_PREFIX_HEADER = YES;
				GCC_PREFIX_HEADER = "YelpSearch/YelpSearch-Prefix.pch";
				GCC_PREPROCESSOR_DEFINITIONS = (
					"DEBUG=1",
					"$(inherited)",
				);
				INFOPLIST_FILE = "YelpSearchTests/YelpSearchTests-Info.plist";
				PRODUCT_NAME = "$(TARGET_NAME)";
				TEST_HOST = "$(BUNDLE_LOADER)";
				WRAPPER_EXTENSION = xctest;
			};
			name = Debug;
		};
		65D2652118DBE0E4009284AD /* Release */ = {
			isa = XCBuildConfiguration;
			buildSettings = {
				BUNDLE_LOADER = "$(BUILT_PRODUCTS_DIR)/YelpSearch.app/YelpSearch";
				FRAMEWORK_SEARCH_PATHS = (
					"$(SDKROOT)/Developer/Library/Frameworks",
					"$(inherited)",
					"$(DEVELOPER_FRAMEWORKS_DIR)",
				);
				GCC_PRECOMPILE_PREFIX_HEADER = YES;
				GCC_PREFIX_HEADER = "YelpSearch/YelpSearch-Prefix.pch";
				INFOPLIST_FILE = "YelpSearchTests/YelpSearchTests-Info.plist";
				PRODUCT_NAME = "$(TARGET_NAME)";
				TEST_HOST = "$(BUNDLE_LOADER)";
				WRAPPER_EXTENSION = xctest;
			};
			name = Release;
		};
/* End XCBuildConfiguration section */

/* Begin XCConfigurationList section */
		65D264EB18DBE0E3009284AD /* Build configuration list for PBXProject "YelpSearch" */ = {
			isa = XCConfigurationList;
			buildConfigurations = (
				65D2651A18DBE0E4009284AD /* Debug */,
				65D2651B18DBE0E4009284AD /* Release */,
			);
			defaultConfigurationIsVisible = 0;
			defaultConfigurationName = Release;
		};
		65D2651C18DBE0E4009284AD /* Build configuration list for PBXNativeTarget "YelpSearch" */ = {
			isa = XCConfigurationList;
			buildConfigurations = (
				65D2651D18DBE0E4009284AD /* Debug */,
				65D2651E18DBE0E4009284AD /* Release */,
			);
			defaultConfigurationIsVisible = 0;
		};
		65D2651F18DBE0E4009284AD /* Build configuration list for PBXNativeTarget "YelpSearchTests" */ = {
			isa = XCConfigurationList;
			buildConfigurations = (
				65D2652018DBE0E4009284AD /* Debug */,
				65D2652118DBE0E4009284AD /* Release */,
			);
			defaultConfigurationIsVisible = 0;
		};
/* End XCConfigurationList section */
	};
	rootObject = 65D264E818DBE0E3009284AD /* Project object */;
}
